// !$*UTF8*$!
{
	archiveVersion = 1;
	classes = {
	};
	objectVersion = 46;
	objects = {

/* Begin PBXBuildFile section */
		3CDEB8571E95FDD20081B670 /* sellerProfile.swift in Sources */ = {isa = PBXBuildFile; fileRef = 3CDEB8561E95FDD20081B670 /* sellerProfile.swift */; };
		3CDEB85B1E960B930081B670 /* CosmosDistrib.swift in Sources */ = {isa = PBXBuildFile; fileRef = 3CDEB85A1E960B930081B670 /* CosmosDistrib.swift */; };
		3CDEB8631E9625FB0081B670 /* SellerProduct.swift in Sources */ = {isa = PBXBuildFile; fileRef = 3CDEB8621E9625FB0081B670 /* SellerProduct.swift */; };
		3CDEB8651E9637DE0081B670 /* ProductName.swift in Sources */ = {isa = PBXBuildFile; fileRef = 3CDEB8641E9637DE0081B670 /* ProductName.swift */; };
		9846E3C51E94C401006C9E75 /* AppDelegate.swift in Sources */ = {isa = PBXBuildFile; fileRef = 9846E3C41E94C401006C9E75 /* AppDelegate.swift */; };
		9846E3C71E94C401006C9E75 /* ViewController.swift in Sources */ = {isa = PBXBuildFile; fileRef = 9846E3C61E94C401006C9E75 /* ViewController.swift */; };
		9846E3CA1E94C401006C9E75 /* Main.storyboard in Resources */ = {isa = PBXBuildFile; fileRef = 9846E3C81E94C401006C9E75 /* Main.storyboard */; };
		9846E3CC1E94C401006C9E75 /* Assets.xcassets in Resources */ = {isa = PBXBuildFile; fileRef = 9846E3CB1E94C401006C9E75 /* Assets.xcassets */; };
		9846E3CF1E94C401006C9E75 /* LaunchScreen.storyboard in Resources */ = {isa = PBXBuildFile; fileRef = 9846E3CD1E94C401006C9E75 /* LaunchScreen.storyboard */; };
		9846E3DA1E94C401006C9E75 /* KaideeTests.swift in Sources */ = {isa = PBXBuildFile; fileRef = 9846E3D91E94C401006C9E75 /* KaideeTests.swift */; };
		9846E3E51E94C401006C9E75 /* KaideeUITests.swift in Sources */ = {isa = PBXBuildFile; fileRef = 9846E3E41E94C401006C9E75 /* KaideeUITests.swift */; };
		9846E4071E94CC3E006C9E75 /* .gitkeep in Resources */ = {isa = PBXBuildFile; fileRef = 9846E3F41E94CC3E006C9E75 /* .gitkeep */; };
		9846E4081E94CC3E006C9E75 /* ic_cross_white@2x.png in Resources */ = {isa = PBXBuildFile; fileRef = 9846E3F51E94CC3E006C9E75 /* ic_cross_white@2x.png */; };
		9846E4091E94CC3E006C9E75 /* ic_cross_white@3x.png in Resources */ = {isa = PBXBuildFile; fileRef = 9846E3F61E94CC3E006C9E75 /* ic_cross_white@3x.png */; };
		9846E40A1E94CC3E006C9E75 /* .gitkeep in Resources */ = {isa = PBXBuildFile; fileRef = 9846E3F81E94CC3E006C9E75 /* .gitkeep */; };
		9846E40B1E94CC3E006C9E75 /* FullScreenSlideshowViewController.swift in Sources */ = {isa = PBXBuildFile; fileRef = 9846E3FA1E94CC3E006C9E75 /* FullScreenSlideshowViewController.swift */; };
		9846E40C1E94CC3E006C9E75 /* ImageSlideshow.swift in Sources */ = {isa = PBXBuildFile; fileRef = 9846E3FB1E94CC3E006C9E75 /* ImageSlideshow.swift */; };
		9846E40D1E94CC3E006C9E75 /* ImageSlideshowItem.swift in Sources */ = {isa = PBXBuildFile; fileRef = 9846E3FC1E94CC3E006C9E75 /* ImageSlideshowItem.swift */; };
		9846E40E1E94CC3E006C9E75 /* InputSource.swift in Sources */ = {isa = PBXBuildFile; fileRef = 9846E3FD1E94CC3E006C9E75 /* InputSource.swift */; };
		9846E40F1E94CC3E006C9E75 /* UIImage+AspectFit.swift in Sources */ = {isa = PBXBuildFile; fileRef = 9846E3FE1E94CC3E006C9E75 /* UIImage+AspectFit.swift */; };
		9846E4101E94CC3E006C9E75 /* UIImageView+Tools.swift in Sources */ = {isa = PBXBuildFile; fileRef = 9846E3FF1E94CC3E006C9E75 /* UIImageView+Tools.swift */; };
		9846E4111E94CC3E006C9E75 /* ZoomAnimatedTransitioning.swift in Sources */ = {isa = PBXBuildFile; fileRef = 9846E4001E94CC3E006C9E75 /* ZoomAnimatedTransitioning.swift */; };
		9846E4241E95FE9B006C9E75 /* Register.swift in Sources */ = {isa = PBXBuildFile; fileRef = 9846E4231E95FE9B006C9E75 /* Register.swift */; };
		9846E4261E960860006C9E75 /* Preference.swift in Sources */ = {isa = PBXBuildFile; fileRef = 9846E4251E960860006C9E75 /* Preference.swift */; };
		9846E42A1E962B0E006C9E75 /* Login.swift in Sources */ = {isa = PBXBuildFile; fileRef = 9846E4291E962B0E006C9E75 /* Login.swift */; };
/* End PBXBuildFile section */

/* Begin PBXContainerItemProxy section */
		9846E3D61E94C401006C9E75 /* PBXContainerItemProxy */ = {
			isa = PBXContainerItemProxy;
			containerPortal = 9846E3B91E94C401006C9E75 /* Project object */;
			proxyType = 1;
			remoteGlobalIDString = 9846E3C01E94C401006C9E75;
			remoteInfo = Kaidee;
		};
		9846E3E11E94C401006C9E75 /* PBXContainerItemProxy */ = {
			isa = PBXContainerItemProxy;
			containerPortal = 9846E3B91E94C401006C9E75 /* Project object */;
			proxyType = 1;
			remoteGlobalIDString = 9846E3C01E94C401006C9E75;
			remoteInfo = Kaidee;
		};
/* End PBXContainerItemProxy section */

/* Begin PBXFileReference section */
		3CDEB8561E95FDD20081B670 /* sellerProfile.swift */ = {isa = PBXFileReference; fileEncoding = 4; lastKnownFileType = sourcecode.swift; path = sellerProfile.swift; sourceTree = "<group>"; };
		3CDEB85A1E960B930081B670 /* CosmosDistrib.swift */ = {isa = PBXFileReference; fileEncoding = 4; lastKnownFileType = sourcecode.swift; name = CosmosDistrib.swift; path = "../../.Trash/Cosmos-master/Distrib/CosmosDistrib.swift"; sourceTree = "<group>"; };
		3CDEB8621E9625FB0081B670 /* SellerProduct.swift */ = {isa = PBXFileReference; fileEncoding = 4; lastKnownFileType = sourcecode.swift; path = SellerProduct.swift; sourceTree = "<group>"; };
		3CDEB8641E9637DE0081B670 /* ProductName.swift */ = {isa = PBXFileReference; fileEncoding = 4; lastKnownFileType = sourcecode.swift; path = ProductName.swift; sourceTree = "<group>"; };
		9846E3C11E94C401006C9E75 /* Kaidee.app */ = {isa = PBXFileReference; explicitFileType = wrapper.application; includeInIndex = 0; path = Kaidee.app; sourceTree = BUILT_PRODUCTS_DIR; };
		9846E3C41E94C401006C9E75 /* AppDelegate.swift */ = {isa = PBXFileReference; lastKnownFileType = sourcecode.swift; path = AppDelegate.swift; sourceTree = "<group>"; };
		9846E3C61E94C401006C9E75 /* ViewController.swift */ = {isa = PBXFileReference; lastKnownFileType = sourcecode.swift; path = ViewController.swift; sourceTree = "<group>"; };
		9846E3C91E94C401006C9E75 /* Base */ = {isa = PBXFileReference; lastKnownFileType = file.storyboard; name = Base; path = Base.lproj/Main.storyboard; sourceTree = "<group>"; };
		9846E3CB1E94C401006C9E75 /* Assets.xcassets */ = {isa = PBXFileReference; lastKnownFileType = folder.assetcatalog; path = Assets.xcassets; sourceTree = "<group>"; };
		9846E3CE1E94C401006C9E75 /* Base */ = {isa = PBXFileReference; lastKnownFileType = file.storyboard; name = Base; path = Base.lproj/LaunchScreen.storyboard; sourceTree = "<group>"; };
		9846E3D01E94C401006C9E75 /* Info.plist */ = {isa = PBXFileReference; lastKnownFileType = text.plist.xml; path = Info.plist; sourceTree = "<group>"; };
		9846E3D51E94C401006C9E75 /* KaideeTests.xctest */ = {isa = PBXFileReference; explicitFileType = wrapper.cfbundle; includeInIndex = 0; path = KaideeTests.xctest; sourceTree = BUILT_PRODUCTS_DIR; };
		9846E3D91E94C401006C9E75 /* KaideeTests.swift */ = {isa = PBXFileReference; lastKnownFileType = sourcecode.swift; path = KaideeTests.swift; sourceTree = "<group>"; };
		9846E3DB1E94C401006C9E75 /* Info.plist */ = {isa = PBXFileReference; lastKnownFileType = text.plist.xml; path = Info.plist; sourceTree = "<group>"; };
		9846E3E01E94C401006C9E75 /* KaideeUITests.xctest */ = {isa = PBXFileReference; explicitFileType = wrapper.cfbundle; includeInIndex = 0; path = KaideeUITests.xctest; sourceTree = BUILT_PRODUCTS_DIR; };
		9846E3E41E94C401006C9E75 /* KaideeUITests.swift */ = {isa = PBXFileReference; lastKnownFileType = sourcecode.swift; path = KaideeUITests.swift; sourceTree = "<group>"; };
		9846E3E61E94C401006C9E75 /* Info.plist */ = {isa = PBXFileReference; lastKnownFileType = text.plist.xml; path = Info.plist; sourceTree = "<group>"; };
		9846E3F41E94CC3E006C9E75 /* .gitkeep */ = {isa = PBXFileReference; fileEncoding = 4; lastKnownFileType = text; path = .gitkeep; sourceTree = "<group>"; };
		9846E3F51E94CC3E006C9E75 /* ic_cross_white@2x.png */ = {isa = PBXFileReference; lastKnownFileType = image.png; path = "ic_cross_white@2x.png"; sourceTree = "<group>"; };
		9846E3F61E94CC3E006C9E75 /* ic_cross_white@3x.png */ = {isa = PBXFileReference; lastKnownFileType = image.png; path = "ic_cross_white@3x.png"; sourceTree = "<group>"; };
		9846E3F81E94CC3E006C9E75 /* .gitkeep */ = {isa = PBXFileReference; fileEncoding = 4; lastKnownFileType = text; path = .gitkeep; sourceTree = "<group>"; };
		9846E3FA1E94CC3E006C9E75 /* FullScreenSlideshowViewController.swift */ = {isa = PBXFileReference; fileEncoding = 4; lastKnownFileType = sourcecode.swift; path = FullScreenSlideshowViewController.swift; sourceTree = "<group>"; };
		9846E3FB1E94CC3E006C9E75 /* ImageSlideshow.swift */ = {isa = PBXFileReference; fileEncoding = 4; lastKnownFileType = sourcecode.swift; path = ImageSlideshow.swift; sourceTree = "<group>"; };
		9846E3FC1E94CC3E006C9E75 /* ImageSlideshowItem.swift */ = {isa = PBXFileReference; fileEncoding = 4; lastKnownFileType = sourcecode.swift; path = ImageSlideshowItem.swift; sourceTree = "<group>"; };
		9846E3FD1E94CC3E006C9E75 /* InputSource.swift */ = {isa = PBXFileReference; fileEncoding = 4; lastKnownFileType = sourcecode.swift; path = InputSource.swift; sourceTree = "<group>"; };
		9846E3FE1E94CC3E006C9E75 /* UIImage+AspectFit.swift */ = {isa = PBXFileReference; fileEncoding = 4; lastKnownFileType = sourcecode.swift; path = "UIImage+AspectFit.swift"; sourceTree = "<group>"; };
		9846E3FF1E94CC3E006C9E75 /* UIImageView+Tools.swift */ = {isa = PBXFileReference; fileEncoding = 4; lastKnownFileType = sourcecode.swift; path = "UIImageView+Tools.swift"; sourceTree = "<group>"; };
		9846E4001E94CC3E006C9E75 /* ZoomAnimatedTransitioning.swift */ = {isa = PBXFileReference; fileEncoding = 4; lastKnownFileType = sourcecode.swift; path = ZoomAnimatedTransitioning.swift; sourceTree = "<group>"; };
		9846E4231E95FE9B006C9E75 /* Register.swift */ = {isa = PBXFileReference; fileEncoding = 4; lastKnownFileType = sourcecode.swift; path = Register.swift; sourceTree = "<group>"; };
		9846E4251E960860006C9E75 /* Preference.swift */ = {isa = PBXFileReference; fileEncoding = 4; lastKnownFileType = sourcecode.swift; path = Preference.swift; sourceTree = "<group>"; };
		9846E4291E962B0E006C9E75 /* Login.swift */ = {isa = PBXFileReference; fileEncoding = 4; lastKnownFileType = sourcecode.swift; path = Login.swift; sourceTree = "<group>"; };
/* End PBXFileReference section */

/* Begin PBXFrameworksBuildPhase section */
		9846E3BE1E94C401006C9E75 /* Frameworks */ = {
			isa = PBXFrameworksBuildPhase;
			buildActionMask = 2147483647;
			files = (
			);
			runOnlyForDeploymentPostprocessing = 0;
		};
		9846E3D21E94C401006C9E75 /* Frameworks */ = {
			isa = PBXFrameworksBuildPhase;
			buildActionMask = 2147483647;
			files = (
			);
			runOnlyForDeploymentPostprocessing = 0;
		};
		9846E3DD1E94C401006C9E75 /* Frameworks */ = {
			isa = PBXFrameworksBuildPhase;
			buildActionMask = 2147483647;
			files = (
			);
			runOnlyForDeploymentPostprocessing = 0;
		};
/* End PBXFrameworksBuildPhase section */

/* Begin PBXGroup section */
		9846E3B81E94C401006C9E75 = {
			isa = PBXGroup;
			children = (
				3CDEB85A1E960B930081B670 /* CosmosDistrib.swift */,
				9846E3F21E94CC3E006C9E75 /* ImageSlideshow */,
				9846E3C31E94C401006C9E75 /* Kaidee */,
				9846E3D81E94C401006C9E75 /* KaideeTests */,
				9846E3E31E94C401006C9E75 /* KaideeUITests */,
				9846E3C21E94C401006C9E75 /* Products */,
			);
			sourceTree = "<group>";
		};
		9846E3C21E94C401006C9E75 /* Products */ = {
			isa = PBXGroup;
			children = (
				9846E3C11E94C401006C9E75 /* Kaidee.app */,
				9846E3D51E94C401006C9E75 /* KaideeTests.xctest */,
				9846E3E01E94C401006C9E75 /* KaideeUITests.xctest */,
			);
			name = Products;
			sourceTree = "<group>";
		};
		9846E3C31E94C401006C9E75 /* Kaidee */ = {
			isa = PBXGroup;
			children = (
				9846E3C41E94C401006C9E75 /* AppDelegate.swift */,
				9846E3C61E94C401006C9E75 /* ViewController.swift */,
				9846E3C81E94C401006C9E75 /* Main.storyboard */,
				9846E4251E960860006C9E75 /* Preference.swift */,
				9846E4231E95FE9B006C9E75 /* Register.swift */,
				9846E3CB1E94C401006C9E75 /* Assets.xcassets */,
				9846E3CD1E94C401006C9E75 /* LaunchScreen.storyboard */,
				9846E3D01E94C401006C9E75 /* Info.plist */,
				3CDEB8561E95FDD20081B670 /* sellerProfile.swift */,
				3CDEB8621E9625FB0081B670 /* SellerProduct.swift */,
				3CDEB8641E9637DE0081B670 /* ProductName.swift */,
			);
			path = Kaidee;
			sourceTree = "<group>";
		};
		9846E3D81E94C401006C9E75 /* KaideeTests */ = {
			isa = PBXGroup;
			children = (
				9846E3D91E94C401006C9E75 /* KaideeTests.swift */,
				9846E3DB1E94C401006C9E75 /* Info.plist */,
			);
			path = KaideeTests;
			sourceTree = "<group>";
		};
		9846E3E31E94C401006C9E75 /* KaideeUITests */ = {
			isa = PBXGroup;
			children = (
				9846E3E41E94C401006C9E75 /* KaideeUITests.swift */,
				9846E3E61E94C401006C9E75 /* Info.plist */,
			);
			path = KaideeUITests;
			sourceTree = "<group>";
		};
		9846E3F21E94CC3E006C9E75 /* ImageSlideshow */ = {
			isa = PBXGroup;
			children = (
				9846E3F31E94CC3E006C9E75 /* Assets */,
				9846E3F71E94CC3E006C9E75 /* Classes */,
			);
			path = ImageSlideshow;
			sourceTree = "<group>";
		};
		9846E3F31E94CC3E006C9E75 /* Assets */ = {
			isa = PBXGroup;
			children = (
				9846E3F41E94CC3E006C9E75 /* .gitkeep */,
				9846E3F51E94CC3E006C9E75 /* ic_cross_white@2x.png */,
				9846E3F61E94CC3E006C9E75 /* ic_cross_white@3x.png */,
			);
			path = Assets;
			sourceTree = "<group>";
		};
		9846E3F71E94CC3E006C9E75 /* Classes */ = {
			isa = PBXGroup;
			children = (
				9846E3F81E94CC3E006C9E75 /* .gitkeep */,
				9846E3F91E94CC3E006C9E75 /* Core */,
				9846E4011E94CC3E006C9E75 /* InputSources */,
			);
			path = Classes;
			sourceTree = "<group>";
		};
		9846E3F91E94CC3E006C9E75 /* Core */ = {
			isa = PBXGroup;
			children = (
				9846E3FA1E94CC3E006C9E75 /* FullScreenSlideshowViewController.swift */,
				9846E3FB1E94CC3E006C9E75 /* ImageSlideshow.swift */,
				9846E3FC1E94CC3E006C9E75 /* ImageSlideshowItem.swift */,
				9846E3FD1E94CC3E006C9E75 /* InputSource.swift */,
				9846E3FE1E94CC3E006C9E75 /* UIImage+AspectFit.swift */,
				9846E3FF1E94CC3E006C9E75 /* UIImageView+Tools.swift */,
				9846E4001E94CC3E006C9E75 /* ZoomAnimatedTransitioning.swift */,
			);
			path = Core;
			sourceTree = "<group>";
		};
		9846E4011E94CC3E006C9E75 /* InputSources */ = {
			isa = PBXGroup;
			children = (
			);
			path = InputSources;
			sourceTree = "<group>";
		};
/* End PBXGroup section */

/* Begin PBXNativeTarget section */
		9846E3C01E94C401006C9E75 /* Kaidee */ = {
			isa = PBXNativeTarget;
			buildConfigurationList = 9846E3E91E94C401006C9E75 /* Build configuration list for PBXNativeTarget "Kaidee" */;
			buildPhases = (
				9846E3BD1E94C401006C9E75 /* Sources */,
				9846E3BE1E94C401006C9E75 /* Frameworks */,
				9846E3BF1E94C401006C9E75 /* Resources */,
			);
			buildRules = (
			);
			dependencies = (
			);
			name = Kaidee;
			productName = Kaidee;
			productReference = 9846E3C11E94C401006C9E75 /* Kaidee.app */;
			productType = "com.apple.product-type.application";
		};
		9846E3D41E94C401006C9E75 /* KaideeTests */ = {
			isa = PBXNativeTarget;
			buildConfigurationList = 9846E3EC1E94C401006C9E75 /* Build configuration list for PBXNativeTarget "KaideeTests" */;
			buildPhases = (
				9846E3D11E94C401006C9E75 /* Sources */,
				9846E3D21E94C401006C9E75 /* Frameworks */,
				9846E3D31E94C401006C9E75 /* Resources */,
			);
			buildRules = (
			);
			dependencies = (
				9846E3D71E94C401006C9E75 /* PBXTargetDependency */,
			);
			name = KaideeTests;
			productName = KaideeTests;
			productReference = 9846E3D51E94C401006C9E75 /* KaideeTests.xctest */;
			productType = "com.apple.product-type.bundle.unit-test";
		};
		9846E3DF1E94C401006C9E75 /* KaideeUITests */ = {
			isa = PBXNativeTarget;
			buildConfigurationList = 9846E3EF1E94C401006C9E75 /* Build configuration list for PBXNativeTarget "KaideeUITests" */;
			buildPhases = (
				9846E3DC1E94C401006C9E75 /* Sources */,
				9846E3DD1E94C401006C9E75 /* Frameworks */,
				9846E3DE1E94C401006C9E75 /* Resources */,
			);
			buildRules = (
			);
			dependencies = (
				9846E3E21E94C401006C9E75 /* PBXTargetDependency */,
			);
			name = KaideeUITests;
			productName = KaideeUITests;
			productReference = 9846E3E01E94C401006C9E75 /* KaideeUITests.xctest */;
			productType = "com.apple.product-type.bundle.ui-testing";
		};
/* End PBXNativeTarget section */

/* Begin PBXProject section */
		9846E3B91E94C401006C9E75 /* Project object */ = {
			isa = PBXProject;
			attributes = {
				LastSwiftUpdateCheck = 0830;
				LastUpgradeCheck = 0830;
				ORGANIZATIONNAME = Group2;
				TargetAttributes = {
					9846E3C01E94C401006C9E75 = {
						CreatedOnToolsVersion = 8.3;
						ProvisioningStyle = Automatic;
					};
					9846E3D41E94C401006C9E75 = {
						CreatedOnToolsVersion = 8.3;
						ProvisioningStyle = Automatic;
						TestTargetID = 9846E3C01E94C401006C9E75;
					};
					9846E3DF1E94C401006C9E75 = {
						CreatedOnToolsVersion = 8.3;
						ProvisioningStyle = Automatic;
						TestTargetID = 9846E3C01E94C401006C9E75;
					};
				};
			};
			buildConfigurationList = 9846E3BC1E94C401006C9E75 /* Build configuration list for PBXProject "Kaidee" */;
			compatibilityVersion = "Xcode 3.2";
			developmentRegion = English;
			hasScannedForEncodings = 0;
			knownRegions = (
				en,
				Base,
			);
			mainGroup = 9846E3B81E94C401006C9E75;
			productRefGroup = 9846E3C21E94C401006C9E75 /* Products */;
			projectDirPath = "";
			projectRoot = "";
			targets = (
				9846E3C01E94C401006C9E75 /* Kaidee */,
				9846E3D41E94C401006C9E75 /* KaideeTests */,
				9846E3DF1E94C401006C9E75 /* KaideeUITests */,
			);
		};
/* End PBXProject section */

/* Begin PBXResourcesBuildPhase section */
		9846E3BF1E94C401006C9E75 /* Resources */ = {
			isa = PBXResourcesBuildPhase;
			buildActionMask = 2147483647;
			files = (
				9846E4091E94CC3E006C9E75 /* ic_cross_white@3x.png in Resources */,
				9846E3CF1E94C401006C9E75 /* LaunchScreen.storyboard in Resources */,
				9846E3CC1E94C401006C9E75 /* Assets.xcassets in Resources */,
				9846E3CA1E94C401006C9E75 /* Main.storyboard in Resources */,
				9846E4071E94CC3E006C9E75 /* .gitkeep in Resources */,
				9846E4081E94CC3E006C9E75 /* ic_cross_white@2x.png in Resources */,
				9846E40A1E94CC3E006C9E75 /* .gitkeep in Resources */,
			);
			runOnlyForDeploymentPostprocessing = 0;
		};
		9846E3D31E94C401006C9E75 /* Resources */ = {
			isa = PBXResourcesBuildPhase;
			buildActionMask = 2147483647;
			files = (
			);
			runOnlyForDeploymentPostprocessing = 0;
		};
		9846E3DE1E94C401006C9E75 /* Resources */ = {
			isa = PBXResourcesBuildPhase;
			buildActionMask = 2147483647;
			files = (
			);
			runOnlyForDeploymentPostprocessing = 0;
		};
/* End PBXResourcesBuildPhase section */

/* Begin PBXSourcesBuildPhase section */
		9846E3BD1E94C401006C9E75 /* Sources */ = {
			isa = PBXSourcesBuildPhase;
			buildActionMask = 2147483647;
			files = (
				842C22081E96368E00A04BB8 /* editbankaccount.swift in Sources */,
				842C21C61E9605C200A04BB8 /* editEmail.swift in Sources */,
				842C21C81E96082700A04BB8 /* editPass.swift in Sources */,
				9846E40D1E94CC3E006C9E75 /* ImageSlideshowItem.swift in Sources */,
				9846E4241E95FE9B006C9E75 /* Register.swift in Sources */,
				9846E40E1E94CC3E006C9E75 /* InputSource.swift in Sources */,
				9846E42A1E962B0E006C9E75 /* Login.swift in Sources */,
				9846E4111E94CC3E006C9E75 /* ZoomAnimatedTransitioning.swift in Sources */,
				9846E4101E94CC3E006C9E75 /* UIImageView+Tools.swift in Sources */,
				3CDEB8651E9637DE0081B670 /* ProductName.swift in Sources */,
				9846E40C1E94CC3E006C9E75 /* ImageSlideshow.swift in Sources */,
				9846E3C71E94C401006C9E75 /* ViewController.swift in Sources */,
				3CDEB8631E9625FB0081B670 /* SellerProduct.swift in Sources */,
				3CDEB8571E95FDD20081B670 /* sellerProfile.swift in Sources */,
				9846E40F1E94CC3E006C9E75 /* UIImage+AspectFit.swift in Sources */,
				842C21CA1E96101300A04BB8 /* profile.swift in Sources */,
				9846E40B1E94CC3E006C9E75 /* FullScreenSlideshowViewController.swift in Sources */,
				9846E4261E960860006C9E75 /* Preference.swift in Sources */,
				9846E3C51E94C401006C9E75 /* AppDelegate.swift in Sources */,
				3CDEB85B1E960B930081B670 /* CosmosDistrib.swift in Sources */,
			);
			runOnlyForDeploymentPostprocessing = 0;
		};
		9846E3D11E94C401006C9E75 /* Sources */ = {
			isa = PBXSourcesBuildPhase;
			buildActionMask = 2147483647;
			files = (
				9846E3DA1E94C401006C9E75 /* KaideeTests.swift in Sources */,
			);
			runOnlyForDeploymentPostprocessing = 0;
		};
		9846E3DC1E94C401006C9E75 /* Sources */ = {
			isa = PBXSourcesBuildPhase;
			buildActionMask = 2147483647;
			files = (
				9846E3E51E94C401006C9E75 /* KaideeUITests.swift in Sources */,
			);
			runOnlyForDeploymentPostprocessing = 0;
		};
/* End PBXSourcesBuildPhase section */

/* Begin PBXTargetDependency section */
		9846E3D71E94C401006C9E75 /* PBXTargetDependency */ = {
			isa = PBXTargetDependency;
			target = 9846E3C01E94C401006C9E75 /* Kaidee */;
			targetProxy = 9846E3D61E94C401006C9E75 /* PBXContainerItemProxy */;
		};
		9846E3E21E94C401006C9E75 /* PBXTargetDependency */ = {
			isa = PBXTargetDependency;
			target = 9846E3C01E94C401006C9E75 /* Kaidee */;
			targetProxy = 9846E3E11E94C401006C9E75 /* PBXContainerItemProxy */;
		};
/* End PBXTargetDependency section */

/* Begin PBXVariantGroup section */
		9846E3C81E94C401006C9E75 /* Main.storyboard */ = {
			isa = PBXVariantGroup;
			children = (
				9846E3C91E94C401006C9E75 /* Base */,
			);
			name = Main.storyboard;
			sourceTree = "<group>";
		};
		9846E3CD1E94C401006C9E75 /* LaunchScreen.storyboard */ = {
			isa = PBXVariantGroup;
			children = (
				9846E3CE1E94C401006C9E75 /* Base */,
			);
			name = LaunchScreen.storyboard;
			sourceTree = "<group>";
		};
/* End PBXVariantGroup section */

/* Begin XCBuildConfiguration section */
		9846E3E71E94C401006C9E75 /* Debug */ = {
			isa = XCBuildConfiguration;
			buildSettings = {
				ALWAYS_SEARCH_USER_PATHS = NO;
				CLANG_ANALYZER_NONNULL = YES;
				CLANG_ANALYZER_NUMBER_OBJECT_CONVERSION = YES_AGGRESSIVE;
				CLANG_CXX_LANGUAGE_STANDARD = "gnu++0x";
				CLANG_CXX_LIBRARY = "libc++";
				CLANG_ENABLE_MODULES = YES;
				CLANG_ENABLE_OBJC_ARC = YES;
				CLANG_WARN_BOOL_CONVERSION = YES;
				CLANG_WARN_CONSTANT_CONVERSION = YES;
				CLANG_WARN_DIRECT_OBJC_ISA_USAGE = YES_ERROR;
				CLANG_WARN_DOCUMENTATION_COMMENTS = YES;
				CLANG_WARN_EMPTY_BODY = YES;
				CLANG_WARN_ENUM_CONVERSION = YES;
				CLANG_WARN_INFINITE_RECURSION = YES;
				CLANG_WARN_INT_CONVERSION = YES;
				CLANG_WARN_OBJC_ROOT_CLASS = YES_ERROR;
				CLANG_WARN_SUSPICIOUS_MOVE = YES;
				CLANG_WARN_UNREACHABLE_CODE = YES;
				CLANG_WARN__DUPLICATE_METHOD_MATCH = YES;
				"CODE_SIGN_IDENTITY[sdk=iphoneos*]" = "iPhone Developer";
				COPY_PHASE_STRIP = NO;
				DEBUG_INFORMATION_FORMAT = dwarf;
				ENABLE_STRICT_OBJC_MSGSEND = YES;
				ENABLE_TESTABILITY = YES;
				GCC_C_LANGUAGE_STANDARD = gnu99;
				GCC_DYNAMIC_NO_PIC = NO;
				GCC_NO_COMMON_BLOCKS = YES;
				GCC_OPTIMIZATION_LEVEL = 0;
				GCC_PREPROCESSOR_DEFINITIONS = (
					"DEBUG=1",
					"$(inherited)",
				);
				GCC_WARN_64_TO_32_BIT_CONVERSION = YES;
				GCC_WARN_ABOUT_RETURN_TYPE = YES_ERROR;
				GCC_WARN_UNDECLARED_SELECTOR = YES;
				GCC_WARN_UNINITIALIZED_AUTOS = YES_AGGRESSIVE;
				GCC_WARN_UNUSED_FUNCTION = YES;
				GCC_WARN_UNUSED_VARIABLE = YES;
				IPHONEOS_DEPLOYMENT_TARGET = 10.3;
				MTL_ENABLE_DEBUG_INFO = YES;
				ONLY_ACTIVE_ARCH = YES;
				SDKROOT = iphoneos;
				SWIFT_ACTIVE_COMPILATION_CONDITIONS = DEBUG;
				SWIFT_OPTIMIZATION_LEVEL = "-Onone";
			};
			name = Debug;
		};
		9846E3E81E94C401006C9E75 /* Release */ = {
			isa = XCBuildConfiguration;
			buildSettings = {
				ALWAYS_SEARCH_USER_PATHS = NO;
				CLANG_ANALYZER_NONNULL = YES;
				CLANG_ANALYZER_NUMBER_OBJECT_CONVERSION = YES_AGGRESSIVE;
				CLANG_CXX_LANGUAGE_STANDARD = "gnu++0x";
				CLANG_CXX_LIBRARY = "libc++";
				CLANG_ENABLE_MODULES = YES;
				CLANG_ENABLE_OBJC_ARC = YES;
				CLANG_WARN_BOOL_CONVERSION = YES;
				CLANG_WARN_CONSTANT_CONVERSION = YES;
				CLANG_WARN_DIRECT_OBJC_ISA_USAGE = YES_ERROR;
				CLANG_WARN_DOCUMENTATION_COMMENTS = YES;
				CLANG_WARN_EMPTY_BODY = YES;
				CLANG_WARN_ENUM_CONVERSION = YES;
				CLANG_WARN_INFINITE_RECURSION = YES;
				CLANG_WARN_INT_CONVERSION = YES;
				CLANG_WARN_OBJC_ROOT_CLASS = YES_ERROR;
				CLANG_WARN_SUSPICIOUS_MOVE = YES;
				CLANG_WARN_UNREACHABLE_CODE = YES;
				CLANG_WARN__DUPLICATE_METHOD_MATCH = YES;
				"CODE_SIGN_IDENTITY[sdk=iphoneos*]" = "iPhone Developer";
				COPY_PHASE_STRIP = NO;
				DEBUG_INFORMATION_FORMAT = "dwarf-with-dsym";
				ENABLE_NS_ASSERTIONS = NO;
				ENABLE_STRICT_OBJC_MSGSEND = YES;
				GCC_C_LANGUAGE_STANDARD = gnu99;
				GCC_NO_COMMON_BLOCKS = YES;
				GCC_WARN_64_TO_32_BIT_CONVERSION = YES;
				GCC_WARN_ABOUT_RETURN_TYPE = YES_ERROR;
				GCC_WARN_UNDECLARED_SELECTOR = YES;
				GCC_WARN_UNINITIALIZED_AUTOS = YES_AGGRESSIVE;
				GCC_WARN_UNUSED_FUNCTION = YES;
				GCC_WARN_UNUSED_VARIABLE = YES;
				IPHONEOS_DEPLOYMENT_TARGET = 10.3;
				MTL_ENABLE_DEBUG_INFO = NO;
				SDKROOT = iphoneos;
				SWIFT_OPTIMIZATION_LEVEL = "-Owholemodule";
				VALIDATE_PRODUCT = YES;
			};
			name = Release;
		};
		9846E3EA1E94C401006C9E75 /* Debug */ = {
			isa = XCBuildConfiguration;
			buildSettings = {
				ASSETCATALOG_COMPILER_APPICON_NAME = AppIcon;
				INFOPLIST_FILE = Kaidee/Info.plist;
				IPHONEOS_DEPLOYMENT_TARGET = 8.2;
				LD_RUNPATH_SEARCH_PATHS = "$(inherited) @executable_path/Frameworks";
				PRODUCT_BUNDLE_IDENTIFIER = Vicky.Kaidee;
				PRODUCT_NAME = "$(TARGET_NAME)";
				SWIFT_VERSION = 3.0;
			};
			name = Debug;
		};
		9846E3EB1E94C401006C9E75 /* Release */ = {
			isa = XCBuildConfiguration;
			buildSettings = {
				ASSETCATALOG_COMPILER_APPICON_NAME = AppIcon;
				INFOPLIST_FILE = Kaidee/Info.plist;
				IPHONEOS_DEPLOYMENT_TARGET = 8.2;
				LD_RUNPATH_SEARCH_PATHS = "$(inherited) @executable_path/Frameworks";
				PRODUCT_BUNDLE_IDENTIFIER = Vicky.Kaidee;
				PRODUCT_NAME = "$(TARGET_NAME)";
				SWIFT_VERSION = 3.0;
			};
			name = Release;
		};
		9846E3ED1E94C401006C9E75 /* Debug */ = {
			isa = XCBuildConfiguration;
			buildSettings = {
				ALWAYS_EMBED_SWIFT_STANDARD_LIBRARIES = YES;
				BUNDLE_LOADER = "$(TEST_HOST)";
				INFOPLIST_FILE = KaideeTests/Info.plist;
				LD_RUNPATH_SEARCH_PATHS = "$(inherited) @executable_path/Frameworks @loader_path/Frameworks";
				PRODUCT_BUNDLE_IDENTIFIER = Vicky.KaideeTests;
				PRODUCT_NAME = "$(TARGET_NAME)";
				SWIFT_VERSION = 3.0;
				TEST_HOST = "$(BUILT_PRODUCTS_DIR)/Kaidee.app/Kaidee";
			};
			name = Debug;
		};
		9846E3EE1E94C401006C9E75 /* Release */ = {
			isa = XCBuildConfiguration;
			buildSettings = {
				ALWAYS_EMBED_SWIFT_STANDARD_LIBRARIES = YES;
				BUNDLE_LOADER = "$(TEST_HOST)";
				INFOPLIST_FILE = KaideeTests/Info.plist;
				LD_RUNPATH_SEARCH_PATHS = "$(inherited) @executable_path/Frameworks @loader_path/Frameworks";
				PRODUCT_BUNDLE_IDENTIFIER = Vicky.KaideeTests;
				PRODUCT_NAME = "$(TARGET_NAME)";
				SWIFT_VERSION = 3.0;
				TEST_HOST = "$(BUILT_PRODUCTS_DIR)/Kaidee.app/Kaidee";
			};
			name = Release;
		};
		9846E3F01E94C401006C9E75 /* Debug */ = {
			isa = XCBuildConfiguration;
			buildSettings = {
				ALWAYS_EMBED_SWIFT_STANDARD_LIBRARIES = YES;
				INFOPLIST_FILE = KaideeUITests/Info.plist;
				LD_RUNPATH_SEARCH_PATHS = "$(inherited) @executable_path/Frameworks @loader_path/Frameworks";
				PRODUCT_BUNDLE_IDENTIFIER = Vicky.KaideeUITests;
				PRODUCT_NAME = "$(TARGET_NAME)";
				SWIFT_VERSION = 3.0;
				TEST_TARGET_NAME = Kaidee;
			};
			name = Debug;
		};
		9846E3F11E94C401006C9E75 /* Release */ = {
			isa = XCBuildConfiguration;
			buildSettings = {
				ALWAYS_EMBED_SWIFT_STANDARD_LIBRARIES = YES;
				INFOPLIST_FILE = KaideeUITests/Info.plist;
				LD_RUNPATH_SEARCH_PATHS = "$(inherited) @executable_path/Frameworks @loader_path/Frameworks";
				PRODUCT_BUNDLE_IDENTIFIER = Vicky.KaideeUITests;
				PRODUCT_NAME = "$(TARGET_NAME)";
				SWIFT_VERSION = 3.0;
				TEST_TARGET_NAME = Kaidee;
			};
			name = Release;
		};
/* End XCBuildConfiguration section */

/* Begin XCConfigurationList section */
		9846E3BC1E94C401006C9E75 /* Build configuration list for PBXProject "Kaidee" */ = {
			isa = XCConfigurationList;
			buildConfigurations = (
				9846E3E71E94C401006C9E75 /* Debug */,
				9846E3E81E94C401006C9E75 /* Release */,
			);
			defaultConfigurationIsVisible = 0;
			defaultConfigurationName = Release;
		};
		9846E3E91E94C401006C9E75 /* Build configuration list for PBXNativeTarget "Kaidee" */ = {
			isa = XCConfigurationList;
			buildConfigurations = (
				9846E3EA1E94C401006C9E75 /* Debug */,
				9846E3EB1E94C401006C9E75 /* Release */,
			);
			defaultConfigurationIsVisible = 0;
			defaultConfigurationName = Release;
		};
		9846E3EC1E94C401006C9E75 /* Build configuration list for PBXNativeTarget "KaideeTests" */ = {
			isa = XCConfigurationList;
			buildConfigurations = (
				9846E3ED1E94C401006C9E75 /* Debug */,
				9846E3EE1E94C401006C9E75 /* Release */,
			);
			defaultConfigurationIsVisible = 0;
			defaultConfigurationName = Release;
		};
		9846E3EF1E94C401006C9E75 /* Build configuration list for PBXNativeTarget "KaideeUITests" */ = {
			isa = XCConfigurationList;
			buildConfigurations = (
				9846E3F01E94C401006C9E75 /* Debug */,
				9846E3F11E94C401006C9E75 /* Release */,
			);
			defaultConfigurationIsVisible = 0;
			defaultConfigurationName = Release;
		};
/* End XCConfigurationList section */
	};
	rootObject = 9846E3B91E94C401006C9E75 /* Project object */;
}
